
Microsoft Visual Studio Solution File, Format Version 12.00
# Visual Studio Version 17
VisualStudioVersion = 17.4.33205.214
MinimumVisualStudioVersion = 10.0.40219.1
Project("{FAE04EC0-301F-11D3-BF4B-00C04F79EFBC}") = "WinFormsApp12", "WinFormsApp12\WinFormsApp12.csproj", "{B2DA61EA-2C62-4906-BFFB-F52844532E22}"
EndProject
Global
	GlobalSection(SolutionConfigurationPlatforms) = preSolution
		Debug|Any CPU = Debug|Any CPU
		Release|Any CPU = Release|Any CPU
	EndGlobalSection
	GlobalSection(ProjectConfigurationPlatforms) = postSolution
		{B2DA61EA-2C62-4906-BFFB-F52844532E22}.Debug|Any CPU.ActiveCfg = Debug|Any CPU
		{B2DA61EA-2C62-4906-BFFB-F52844532E22}.Debug|Any CPU.Build.0 = Debug|Any CPU
		{B2DA61EA-2C62-4906-BFFB-F52844532E22}.Release|Any CPU.ActiveCfg = Release|Any CPU
		{B2DA61EA-2C62-4906-BFFB-F52844532E22}.Release|Any CPU.Build.0 = Release|Any CPU
	EndGlobalSection
	GlobalSection(SolutionProperties) = preSolution
		HideSolutionNode = FALSE
	EndGlobalSection
	GlobalSection(ExtensibilityGlobals) = postSolution
		SolutionGuid = {8AD34DCC-C7BD-460C-96AF-FD60DB47B20C}
	EndGlobalSection
EndGlobal
